{
  "version": 1,
  "dependencies": {
    ".NETStandard,Version=v2.0": {
      "Fable.Core": {
        "type": "Direct",
        "requested": "[3.2.6, )",
        "resolved": "3.2.6",
        "contentHash": "ny9YV3P41TMc6QF/YzGRk9DUqimhjm9HxeRyZch7wsHoZtyBfkcvzAcFDn7APBqO59jJzvg1n+RIG3aJMRtLdg==",
        "dependencies": {
          "FSharp.Core": "4.7.2"
        }
      },
      "Fable.Elmish": {
        "type": "Direct",
        "requested": "[3.1.0, )",
        "resolved": "3.1.0",
        "contentHash": "g6oAwxcKz4mIYvVlaPSrF+YoHrraJf8zpCK7cZpwtAHcbJdZkCmX9jaCYc85PaGOXywbUsulBOH5794HelUqZg==",
        "dependencies": {
          "FSharp.Core": "4.6.2",
          "Fable.Core": "3.0.0"
        }
      },
      "Fable.Elmish.Browser": {
        "type": "Direct",
        "requested": "[3.0.4, )",
        "resolved": "3.0.4",
        "contentHash": "ISrc1kl9Q0xvSgGl3zT7Xd7mFZqYY9kczV8MBW2/KX/V7hANWRgsEL9miZFEp7SsIjuwQJKe5EYSKbWjgW7J8A==",
        "dependencies": {
          "FSharp.Core": "4.6.2",
          "Fable.Browser.Dom": "1.0.0",
          "Fable.Core": "3.0.0",
          "Fable.Elmish": "3.0.0"
        }
      },
      "Fable.Elmish.Debugger": {
        "type": "Direct",
        "requested": "[3.2.0, )",
        "resolved": "3.2.0",
        "contentHash": "/Ti2zlhbT3sYU1ps8MBPE2oSVLqX7kctlozknOaI3yUrrj47ZlHW8RmtbIMRHjC5b3tyu+YHpC50zTzXRt1ShQ==",
        "dependencies": {
          "FSharp.Core": "4.7.0",
          "Fable.Core": "3.1.5",
          "Fable.Elmish": "3.0.0",
          "Thoth.Json": "4.0.0"
        }
      },
      "Fable.Elmish.HMR": {
        "type": "Direct",
        "requested": "[4.1.0, )",
        "resolved": "4.1.0",
        "contentHash": "JGKiA28wBunqZ2GQ5BbAA0a5wUppmwlAFM8BfmYUqzDkEtrVUDPq86sKzLTFkU3Xg8PPNIl+/6/J73+kkTpuaQ==",
        "dependencies": {
          "FSharp.Core": "4.6.2",
          "Fable.Core": "3.0.0",
          "Fable.Elmish.Browser": "3.0.4",
          "Fable.Elmish.React": "3.0.1"
        }
      },
      "Fable.Elmish.React": {
        "type": "Direct",
        "requested": "[3.0.1, )",
        "resolved": "3.0.1",
        "contentHash": "4VG0iY/Qdz0DR1G9VkwsYY+iDcLMnTUYV0h8LoJluvgfoHUe1BFcyK+C01MU5e15SZzHtRMdTbNcEeG3kPBcrQ==",
        "dependencies": {
          "FSharp.Core": "4.6.2",
          "Fable.Core": "3.0.0",
          "Fable.Elmish": "3.0.0",
          "Fable.React": "5.1.0"
        }
      },
      "Fable.FontAwesome": {
        "type": "Direct",
        "requested": "[2.0.0, )",
        "resolved": "2.0.0",
        "contentHash": "UUa9RaS2ZQy6W7+fVhvGy2fl9iVttvDlZovtFr25BOWxCw5aWiXCIn6QraL8rrcIwlCLJzMT3kx5qk9nMtcWVA==",
        "dependencies": {
          "Fable.Core": "3.0.0",
          "Fable.React": "5.1.0"
        }
      },
      "Fable.FontAwesome.Free": {
        "type": "Direct",
        "requested": "[2.1.0, )",
        "resolved": "2.1.0",
        "contentHash": "vDqLIOrEHO+XGXr3WKaUEkbvO9ZLASUSHowAKPxPpdev23xLeTilOBNHMR9HSV0w9kLEgRIDnr4AhtQ6efGX0A==",
        "dependencies": {
          "Fable.Core": "3.0.0",
          "Fable.FontAwesome": "2.0.0",
          "Fable.React": "5.1.0"
        }
      },
      "Feliz": {
        "type": "Direct",
        "requested": "[1.44.0, )",
        "resolved": "1.44.0",
        "contentHash": "mi6WFarBzTCgS75OyRO2Vp8UBP+0XlYUsCuOwWIvob2sUp2TH5KMsrPq4dC+MzpPFlDxB+pfQLXsDvN7s+PmCA==",
        "dependencies": {
          "FSharp.Core": "4.7.2",
          "Fable.Core": "3.1.5",
          "Fable.React": "7.4.0",
          "Feliz.CompilerPlugins": "1.5.0"
        }
      },
      "Feliz.Bulma": {
        "type": "Direct",
        "requested": "[2.15.0, )",
        "resolved": "2.15.0",
        "contentHash": "xJLpi5/kmDrcq7ICAC2LO5QQ858l7XChCrXFugtol8Su9qkCo1uwbcc7eiN+IApYKtvQ5YBhpo4S/O3Gs3dpJQ==",
        "dependencies": {
          "FSharp.Core": "5.0.0",
          "Feliz": "1.32.0"
        }
      },
      "Feliz.Bulma.PageLoader": {
        "type": "Direct",
        "requested": "[2.0.0, )",
        "resolved": "2.0.0",
        "contentHash": "AtO23u+9UetPt9nYQWNLXXRh97IEIpjdTnQZjlFz9IV/k+D4zdGOIQh6ny2az9Cl3w7uHxasbg/Z/4uDS5B41w==",
        "dependencies": {
          "FSharp.Core": "5.0.0",
          "Feliz": "1.32.0",
          "Feliz.Bulma": "2.8.1"
        }
      },
      "FSharp.Core": {
        "type": "Direct",
        "requested": "[5.0.0, )",
        "resolved": "5.0.0",
        "contentHash": "iHoYXA0VaSQUONGENB1aVafjDDZDZpwu39MtaRCTrmwFW/cTcK0b2yKNVYneFHJMc3ChtsSoM9lNtJ1dYXkHfA=="
      },
      "NETStandard.Library": {
        "type": "Direct",
        "requested": "[2.0.3, )",
        "resolved": "2.0.3",
        "contentHash": "st47PosZSHrjECdjeIzZQbzivYBJFv6P2nv4cj2ypdI204DO+vZ7l5raGMiX4eXMJ53RfOIg+/s4DHVZ54Nu2A==",
        "dependencies": {
          "Microsoft.NETCore.Platforms": "1.1.0"
        }
      },
      "Fable.AST": {
        "type": "Transitive",
        "resolved": "3.0.0",
        "contentHash": "ZOdBEEBln959E+F7vGim1zvf80iJAFWtH/hAcQRAU9aCs/8ZGf/kWk7TdlW0xuRK50dvALgWZKJc0Hd/2OP0XA=="
      },
      "Fable.Browser.Blob": {
        "type": "Transitive",
        "resolved": "1.1.0",
        "contentHash": "xMX7hPFwBUGuj75xLlH6VsVThZjRlGW4zOqXb1X+byRPLSBE91vtn9EueNUB+YpGhE9LfrtakIPNGy+dkoMkjg==",
        "dependencies": {
          "FSharp.Core": "4.6.2",
          "Fable.Core": "3.0.0"
        }
      },
      "Fable.Browser.Dom": {
        "type": "Transitive",
        "resolved": "2.0.1",
        "contentHash": "1ajwxasfdbeFeh8OsgiuAScMZuWQkZpWHwZRi0J265nD0YMo4hqItX9/fmCwLnwln1OWbpbgpnZCDfwnhcR75A==",
        "dependencies": {
          "FSharp.Core": "4.7.0",
          "Fable.Browser.Blob": "1.1.0",
          "Fable.Browser.Event": "1.2.1",
          "Fable.Browser.WebStorage": "1.0.0",
          "Fable.Core": "3.0.0"
        }
      },
      "Fable.Browser.Event": {
        "type": "Transitive",
        "resolved": "1.2.1",
        "contentHash": "cK8rajjSCe1b3iFzC5sN4v8hTqUq9CpferJsYQOec0BCh9rKqPKk1xT34j/Afs0/+LJLgcmZjzqtgcyk5yhvzw==",
        "dependencies": {
          "FSharp.Core": "4.7.0",
          "Fable.Core": "3.0.0"
        }
      },
      "Fable.Browser.WebStorage": {
        "type": "Transitive",
        "resolved": "1.0.0",
        "contentHash": "ZqnZKYkhPO+wmJPxQqtiwSc3zCC/mB37SPlVi4ZLiHoPFnra7SQ3qaRn4/ENYTeaVtVq92eVaYbTyAOnFn+GPA==",
        "dependencies": {
          "FSharp.Core": "4.5.2",
          "Fable.Browser.Event": "1.0.0",
          "Fable.Core": "3.0.0"
        }
      },
      "Fable.React": {
        "type": "Transitive",
        "resolved": "7.4.0",
        "contentHash": "YCubSthKJ5CSKJs28WQC6DYiksdLdPD//aIxHqKUkYY3fS0qOHz0nEk5klalXSz6owk91Mnq9SnwccIpe4xD/A==",
        "dependencies": {
          "FSharp.Core": "4.7.2",
          "Fable.Browser.Dom": "2.0.1",
          "Fable.Core": "3.1.5"
        }
      },
      "Feliz.CompilerPlugins": {
        "type": "Transitive",
        "resolved": "1.5.0",
        "contentHash": "zOO/CFX+A24dHnj/XAg81f6O5Ehk9vHk4YSzRZqBejeSJoecQNvcqX/WE7VbpvDenYYAj4ufLI+MecWMipeULg==",
        "dependencies": {
          "FSharp.Core": "4.7.2",
          "Fable.AST": "3.0.0"
        }
      },
      "Microsoft.NETCore.Platforms": {
        "type": "Transitive",
        "resolved": "1.1.0",
        "contentHash": "kz0PEW2lhqygehI/d6XsPCQzD7ff7gUJaVGPVETX611eadGsA3A877GdSlU0LRVMCTH/+P3o2iDTak+S08V2+A=="
      },
      "Thoth.Json": {
        "type": "Transitive",
        "resolved": "4.1.0",
        "contentHash": "v1zJ3c075NPtVmULOEMxPcrXaEQK6DFzxXYdDijBBPWBsQJkxfQIltUjuns2bv8eAmc+lE//Jl7kZDlHNwGOBg==",
        "dependencies": {
          "FSharp.Core": "4.7.0",
          "Fable.Core": "3.1.4"
        }
      },
      "fable.htmlconverter": {
        "type": "Project",
        "dependencies": {
          "FSharp.Core": "5.0.0",
          "Fable.Core": "3.2.6",
          "Thoth.Json": "4.1.0"
        }
      }
    }
  }
}